
Microsoft Visual Studio Solution File, Format Version 12.00
# Visual Studio Version 17
VisualStudioVersion = 17.8.34408.163
MinimumVisualStudioVersion = 10.0.40219.1
Project("{8BC9CEB8-8B4A-11D0-8D11-00A0C91BC942}") = "CIS 200 LAB 3", "CIS 200 LAB 3\CIS 200 LAB 3.vcxproj", "{0DE36FB9-7EDC-4C9C-914F-8CEC560F0D2E}"
EndProject
Global
	GlobalSection(SolutionConfigurationPlatforms) = preSolution
		Debug|x64 = Debug|x64
		Debug|x86 = Debug|x86
		Release|x64 = Release|x64
		Release|x86 = Release|x86
	EndGlobalSection
	GlobalSection(ProjectConfigurationPlatforms) = postSolution
		{0DE36FB9-7EDC-4C9C-914F-8CEC560F0D2E}.Debug|x64.ActiveCfg = Debug|x64
		{0DE36FB9-7EDC-4C9C-914F-8CEC560F0D2E}.Debug|x64.Build.0 = Debug|x64
		{0DE36FB9-7EDC-4C9C-914F-8CEC560F0D2E}.Debug|x86.ActiveCfg = Debug|Win32
		{0DE36FB9-7EDC-4C9C-914F-8CEC560F0D2E}.Debug|x86.Build.0 = Debug|Win32
		{0DE36FB9-7EDC-4C9C-914F-8CEC560F0D2E}.Release|x64.ActiveCfg = Release|x64
		{0DE36FB9-7EDC-4C9C-914F-8CEC560F0D2E}.Release|x64.Build.0 = Release|x64
		{0DE36FB9-7EDC-4C9C-914F-8CEC560F0D2E}.Release|x86.ActiveCfg = Release|Win32
		{0DE36FB9-7EDC-4C9C-914F-8CEC560F0D2E}.Release|x86.Build.0 = Release|Win32
	EndGlobalSection
	GlobalSection(SolutionProperties) = preSolution
		HideSolutionNode = FALSE
	EndGlobalSection
	GlobalSection(ExtensibilityGlobals) = postSolution
		SolutionGuid = {7FD72F31-21A9-413D-BDE7-8E3C258D30E0}
	EndGlobalSection
EndGlobal
